{
  "object": {
    "pins": [
      {
        "package": "SFMCSDK",
        "repositoryURL": "https://git.soma.salesforce.com/MarketingCloudSdk/mobile-sfmc-sdk-ios",
        "state": {
          "branch": null,
          "revision": "abcc384ffbc88b5bf9e5fa555e394ccc3f273336",
          "version": "0.3.0"
        }
      }
    ]
  },
  "version": 1
}
