// !$*UTF8*$!
{
	archiveVersion = 1;
	classes = {
	};
	objectVersion = 51;
	objects = {

/* Begin PBXBuildFile section */
		1765BE38086E1FF97F5D0C7C /* Pods_Hello_CDP.framework in Frameworks */ = {isa = PBXBuildFile; fileRef = 9B288241949E2855F4BEE6DC /* Pods_Hello_CDP.framework */; };
		6A204B89256453B200833D05 /* AppDelegate.swift in Sources */ = {isa = PBXBuildFile; fileRef = 6A204B88256453B200833D05 /* AppDelegate.swift */; };
		6A204B8D256453B200833D05 /* SdkStateViewController.swift in Sources */ = {isa = PBXBuildFile; fileRef = 6A204B8C256453B200833D05 /* SdkStateViewController.swift */; };
		6A204B90256453B200833D05 /* Main.storyboard in Resources */ = {isa = PBXBuildFile; fileRef = 6A204B8E256453B200833D05 /* Main.storyboard */; };
		6A204B92256453B300833D05 /* Assets.xcassets in Resources */ = {isa = PBXBuildFile; fileRef = 6A204B91256453B300833D05 /* Assets.xcassets */; };
		6A204B95256453B300833D05 /* LaunchScreen.storyboard in Resources */ = {isa = PBXBuildFile; fileRef = 6A204B93256453B300833D05 /* LaunchScreen.storyboard */; };
		6AB877C9256F225C000B1A4C /* HelloCDPLogOutputter.swift in Sources */ = {isa = PBXBuildFile; fileRef = 6AB877C8256F225C000B1A4C /* HelloCDPLogOutputter.swift */; };
/* End PBXBuildFile section */

/* Begin PBXFileReference section */
		6A204B85256453B200833D05 /* Hello CDP.app */ = {isa = PBXFileReference; explicitFileType = wrapper.application; includeInIndex = 0; path = "Hello CDP.app"; sourceTree = BUILT_PRODUCTS_DIR; };
		6A204B88256453B200833D05 /* AppDelegate.swift */ = {isa = PBXFileReference; lastKnownFileType = sourcecode.swift; path = AppDelegate.swift; sourceTree = "<group>"; };
		6A204B8C256453B200833D05 /* SdkStateViewController.swift */ = {isa = PBXFileReference; lastKnownFileType = sourcecode.swift; path = SdkStateViewController.swift; sourceTree = "<group>"; };
		6A204B8F256453B200833D05 /* Base */ = {isa = PBXFileReference; lastKnownFileType = file.storyboard; name = Base; path = Base.lproj/Main.storyboard; sourceTree = "<group>"; };
		6A204B91256453B300833D05 /* Assets.xcassets */ = {isa = PBXFileReference; lastKnownFileType = folder.assetcatalog; path = Assets.xcassets; sourceTree = "<group>"; };
		6A204B94256453B300833D05 /* Base */ = {isa = PBXFileReference; lastKnownFileType = file.storyboard; name = Base; path = Base.lproj/LaunchScreen.storyboard; sourceTree = "<group>"; };
		6A204B96256453B300833D05 /* Info.plist */ = {isa = PBXFileReference; lastKnownFileType = text.plist.xml; path = Info.plist; sourceTree = "<group>"; };
		6AB877C8256F225C000B1A4C /* HelloCDPLogOutputter.swift */ = {isa = PBXFileReference; lastKnownFileType = sourcecode.swift; path = HelloCDPLogOutputter.swift; sourceTree = "<group>"; };
		9B288241949E2855F4BEE6DC /* Pods_Hello_CDP.framework */ = {isa = PBXFileReference; explicitFileType = wrapper.framework; includeInIndex = 0; path = Pods_Hello_CDP.framework; sourceTree = BUILT_PRODUCTS_DIR; };
		A302D12224725E14A76641C1 /* Pods-Hello CDP.release.xcconfig */ = {isa = PBXFileReference; includeInIndex = 1; lastKnownFileType = text.xcconfig; name = "Pods-Hello CDP.release.xcconfig"; path = "Target Support Files/Pods-Hello CDP/Pods-Hello CDP.release.xcconfig"; sourceTree = "<group>"; };
		F3C379CE7373F60F9519779A /* Pods-Hello CDP.debug.xcconfig */ = {isa = PBXFileReference; includeInIndex = 1; lastKnownFileType = text.xcconfig; name = "Pods-Hello CDP.debug.xcconfig"; path = "Target Support Files/Pods-Hello CDP/Pods-Hello CDP.debug.xcconfig"; sourceTree = "<group>"; };
/* End PBXFileReference section */

/* Begin PBXFrameworksBuildPhase section */
		6A204B82256453B200833D05 /* Frameworks */ = {
			isa = PBXFrameworksBuildPhase;
			buildActionMask = 2147483647;
			files = (
				1765BE38086E1FF97F5D0C7C /* Pods_Hello_CDP.framework in Frameworks */,
			);
			runOnlyForDeploymentPostprocessing = 0;
		};
/* End PBXFrameworksBuildPhase section */

/* Begin PBXGroup section */
		57D07CD3D9C001BDFBFC368C /* Frameworks */ = {
			isa = PBXGroup;
			children = (
				9B288241949E2855F4BEE6DC /* Pods_Hello_CDP.framework */,
			);
			name = Frameworks;
			sourceTree = "<group>";
		};
		6A204B7C256453B200833D05 = {
			isa = PBXGroup;
			children = (
				6A204B87256453B200833D05 /* Hello CDP */,
				6A204B86256453B200833D05 /* Products */,
				AC69AAE2333E8236C45BD4CA /* Pods */,
				57D07CD3D9C001BDFBFC368C /* Frameworks */,
			);
			sourceTree = "<group>";
		};
		6A204B86256453B200833D05 /* Products */ = {
			isa = PBXGroup;
			children = (
				6A204B85256453B200833D05 /* Hello CDP.app */,
			);
			name = Products;
			sourceTree = "<group>";
		};
		6A204B87256453B200833D05 /* Hello CDP */ = {
			isa = PBXGroup;
			children = (
				6A204B88256453B200833D05 /* AppDelegate.swift */,
				6AB877C8256F225C000B1A4C /* HelloCDPLogOutputter.swift */,
				6A204B8C256453B200833D05 /* SdkStateViewController.swift */,
				6A204B8E256453B200833D05 /* Main.storyboard */,
				6A204B91256453B300833D05 /* Assets.xcassets */,
				6A204B93256453B300833D05 /* LaunchScreen.storyboard */,
				6A204B96256453B300833D05 /* Info.plist */,
			);
			path = "Hello CDP";
			sourceTree = "<group>";
		};
		AC69AAE2333E8236C45BD4CA /* Pods */ = {
			isa = PBXGroup;
			children = (
				F3C379CE7373F60F9519779A /* Pods-Hello CDP.debug.xcconfig */,
				A302D12224725E14A76641C1 /* Pods-Hello CDP.release.xcconfig */,
			);
			path = Pods;
			sourceTree = "<group>";
		};
/* End PBXGroup section */

/* Begin PBXNativeTarget section */
		6A204B84256453B200833D05 /* Hello CDP */ = {
			isa = PBXNativeTarget;
			buildConfigurationList = 6A204B99256453B300833D05 /* Build configuration list for PBXNativeTarget "Hello CDP" */;
			buildPhases = (
				63FB41287113CF79DF10E5CE /* [CP] Check Pods Manifest.lock */,
				6A204B81256453B200833D05 /* Sources */,
				6A204B82256453B200833D05 /* Frameworks */,
				6A204B83256453B200833D05 /* Resources */,
				A5571B4AEE2621DE3A43DD9C /* [CP] Embed Pods Frameworks */,
			);
			buildRules = (
			);
			dependencies = (
			);
			name = "Hello CDP";
			productName = "Hello CDP";
			productReference = 6A204B85256453B200833D05 /* Hello CDP.app */;
			productType = "com.apple.product-type.application";
		};
/* End PBXNativeTarget section */

/* Begin PBXProject section */
		6A204B7D256453B200833D05 /* Project object */ = {
			isa = PBXProject;
			attributes = {
				LastSwiftUpdateCheck = 1170;
				LastUpgradeCheck = 1220;
				ORGANIZATIONNAME = Salesforce;
				TargetAttributes = {
					6A204B84256453B200833D05 = {
						CreatedOnToolsVersion = 11.7;
					};
				};
			};
			buildConfigurationList = 6A204B80256453B200833D05 /* Build configuration list for PBXProject "Hello CDP" */;
			compatibilityVersion = "Xcode 9.3";
			developmentRegion = en;
			hasScannedForEncodings = 0;
			knownRegions = (
				en,
				Base,
			);
			mainGroup = 6A204B7C256453B200833D05;
			productRefGroup = 6A204B86256453B200833D05 /* Products */;
			projectDirPath = "";
			projectRoot = "";
			targets = (
				6A204B84256453B200833D05 /* Hello CDP */,
			);
		};
/* End PBXProject section */

/* Begin PBXResourcesBuildPhase section */
		6A204B83256453B200833D05 /* Resources */ = {
			isa = PBXResourcesBuildPhase;
			buildActionMask = 2147483647;
			files = (
				6A204B95256453B300833D05 /* LaunchScreen.storyboard in Resources */,
				6A204B92256453B300833D05 /* Assets.xcassets in Resources */,
				6A204B90256453B200833D05 /* Main.storyboard in Resources */,
			);
			runOnlyForDeploymentPostprocessing = 0;
		};
/* End PBXResourcesBuildPhase section */

/* Begin PBXShellScriptBuildPhase section */
		63FB41287113CF79DF10E5CE /* [CP] Check Pods Manifest.lock */ = {
			isa = PBXShellScriptBuildPhase;
			buildActionMask = 2147483647;
			files = (
			);
			inputFileListPaths = (
			);
			inputPaths = (
				"${PODS_PODFILE_DIR_PATH}/Podfile.lock",
				"${PODS_ROOT}/Manifest.lock",
			);
			name = "[CP] Check Pods Manifest.lock";
			outputFileListPaths = (
			);
			outputPaths = (
				"$(DERIVED_FILE_DIR)/Pods-Hello CDP-checkManifestLockResult.txt",
			);
			runOnlyForDeploymentPostprocessing = 0;
			shellPath = /bin/sh;
			shellScript = "diff \"${PODS_PODFILE_DIR_PATH}/Podfile.lock\" \"${PODS_ROOT}/Manifest.lock\" > /dev/null\nif [ $? != 0 ] ; then\n    # print error to STDERR\n    echo \"error: The sandbox is not in sync with the Podfile.lock. Run 'pod install' or update your CocoaPods installation.\" >&2\n    exit 1\nfi\n# This output is used by Xcode 'outputs' to avoid re-running this script phase.\necho \"SUCCESS\" > \"${SCRIPT_OUTPUT_FILE_0}\"\n";
			showEnvVarsInLog = 0;
		};
		A5571B4AEE2621DE3A43DD9C /* [CP] Embed Pods Frameworks */ = {
			isa = PBXShellScriptBuildPhase;
			buildActionMask = 2147483647;
			files = (
			);
			inputFileListPaths = (
				"${PODS_ROOT}/Target Support Files/Pods-Hello CDP/Pods-Hello CDP-frameworks-${CONFIGURATION}-input-files.xcfilelist",
			);
			name = "[CP] Embed Pods Frameworks";
			outputFileListPaths = (
				"${PODS_ROOT}/Target Support Files/Pods-Hello CDP/Pods-Hello CDP-frameworks-${CONFIGURATION}-output-files.xcfilelist",
			);
			runOnlyForDeploymentPostprocessing = 0;
			shellPath = /bin/sh;
			shellScript = "\"${PODS_ROOT}/Target Support Files/Pods-Hello CDP/Pods-Hello CDP-frameworks.sh\"\n";
			showEnvVarsInLog = 0;
		};
/* End PBXShellScriptBuildPhase section */

/* Begin PBXSourcesBuildPhase section */
		6A204B81256453B200833D05 /* Sources */ = {
			isa = PBXSourcesBuildPhase;
			buildActionMask = 2147483647;
			files = (
				6A204B8D256453B200833D05 /* SdkStateViewController.swift in Sources */,
				6A204B89256453B200833D05 /* AppDelegate.swift in Sources */,
				6AB877C9256F225C000B1A4C /* HelloCDPLogOutputter.swift in Sources */,
			);
			runOnlyForDeploymentPostprocessing = 0;
		};
/* End PBXSourcesBuildPhase section */

/* Begin PBXVariantGroup section */
		6A204B8E256453B200833D05 /* Main.storyboard */ = {
			isa = PBXVariantGroup;
			children = (
				6A204B8F256453B200833D05 /* Base */,
			);
			name = Main.storyboard;
			sourceTree = "<group>";
		};
		6A204B93256453B300833D05 /* LaunchScreen.storyboard */ = {
			isa = PBXVariantGroup;
			children = (
				6A204B94256453B300833D05 /* Base */,
			);
			name = LaunchScreen.storyboard;
			sourceTree = "<group>";
		};
/* End PBXVariantGroup section */

/* Begin XCBuildConfiguration section */
		6A204B97256453B300833D05 /* Debug */ = {
			isa = XCBuildConfiguration;
			buildSettings = {
				ALWAYS_SEARCH_USER_PATHS = NO;
				CLANG_ANALYZER_NONNULL = YES;
				CLANG_ANALYZER_NUMBER_OBJECT_CONVERSION = YES_AGGRESSIVE;
				CLANG_CXX_LANGUAGE_STANDARD = "gnu++14";
				CLANG_CXX_LIBRARY = "libc++";
				CLANG_ENABLE_MODULES = YES;
				CLANG_ENABLE_OBJC_ARC = YES;
				CLANG_ENABLE_OBJC_WEAK = YES;
				CLANG_WARN_BLOCK_CAPTURE_AUTORELEASING = YES;
				CLANG_WARN_BOOL_CONVERSION = YES;
				CLANG_WARN_COMMA = YES;
				CLANG_WARN_CONSTANT_CONVERSION = YES;
				CLANG_WARN_DEPRECATED_OBJC_IMPLEMENTATIONS = YES;
				CLANG_WARN_DIRECT_OBJC_ISA_USAGE = YES_ERROR;
				CLANG_WARN_DOCUMENTATION_COMMENTS = YES;
				CLANG_WARN_EMPTY_BODY = YES;
				CLANG_WARN_ENUM_CONVERSION = YES;
				CLANG_WARN_INFINITE_RECURSION = YES;
				CLANG_WARN_INT_CONVERSION = YES;
				CLANG_WARN_NON_LITERAL_NULL_CONVERSION = YES;
				CLANG_WARN_OBJC_IMPLICIT_RETAIN_SELF = YES;
				CLANG_WARN_OBJC_LITERAL_CONVERSION = YES;
				CLANG_WARN_OBJC_ROOT_CLASS = YES_ERROR;
				CLANG_WARN_QUOTED_INCLUDE_IN_FRAMEWORK_HEADER = YES;
				CLANG_WARN_RANGE_LOOP_ANALYSIS = YES;
				CLANG_WARN_STRICT_PROTOTYPES = YES;
				CLANG_WARN_SUSPICIOUS_MOVE = YES;
				CLANG_WARN_UNGUARDED_AVAILABILITY = YES_AGGRESSIVE;
				CLANG_WARN_UNREACHABLE_CODE = YES;
				CLANG_WARN__DUPLICATE_METHOD_MATCH = YES;
				COPY_PHASE_STRIP = NO;
				DEBUG_INFORMATION_FORMAT = dwarf;
				ENABLE_STRICT_OBJC_MSGSEND = YES;
				ENABLE_TESTABILITY = YES;
				GCC_C_LANGUAGE_STANDARD = gnu11;
				GCC_DYNAMIC_NO_PIC = NO;
				GCC_NO_COMMON_BLOCKS = YES;
				GCC_OPTIMIZATION_LEVEL = 0;
				GCC_PREPROCESSOR_DEFINITIONS = (
					"DEBUG=1",
					"$(inherited)",
				);
				GCC_WARN_64_TO_32_BIT_CONVERSION = YES;
				GCC_WARN_ABOUT_RETURN_TYPE = YES_ERROR;
				GCC_WARN_UNDECLARED_SELECTOR = YES;
				GCC_WARN_UNINITIALIZED_AUTOS = YES_AGGRESSIVE;
				GCC_WARN_UNUSED_FUNCTION = YES;
				GCC_WARN_UNUSED_VARIABLE = YES;
				IPHONEOS_DEPLOYMENT_TARGET = 10.0;
				MTL_ENABLE_DEBUG_INFO = INCLUDE_SOURCE;
				MTL_FAST_MATH = YES;
				ONLY_ACTIVE_ARCH = YES;
				SDKROOT = iphoneos;
				SWIFT_ACTIVE_COMPILATION_CONDITIONS = DEBUG;
				SWIFT_OPTIMIZATION_LEVEL = "-Onone";
			};
			name = Debug;
		};
		6A204B98256453B300833D05 /* Release */ = {
			isa = XCBuildConfiguration;
			buildSettings = {
				ALWAYS_SEARCH_USER_PATHS = NO;
				CLANG_ANALYZER_NONNULL = YES;
				CLANG_ANALYZER_NUMBER_OBJECT_CONVERSION = YES_AGGRESSIVE;
				CLANG_CXX_LANGUAGE_STANDARD = "gnu++14";
				CLANG_CXX_LIBRARY = "libc++";
				CLANG_ENABLE_MODULES = YES;
				CLANG_ENABLE_OBJC_ARC = YES;
				CLANG_ENABLE_OBJC_WEAK = YES;
				CLANG_WARN_BLOCK_CAPTURE_AUTORELEASING = YES;
				CLANG_WARN_BOOL_CONVERSION = YES;
				CLANG_WARN_COMMA = YES;
				CLANG_WARN_CONSTANT_CONVERSION = YES;
				CLANG_WARN_DEPRECATED_OBJC_IMPLEMENTATIONS = YES;
				CLANG_WARN_DIRECT_OBJC_ISA_USAGE = YES_ERROR;
				CLANG_WARN_DOCUMENTATION_COMMENTS = YES;
				CLANG_WARN_EMPTY_BODY = YES;
				CLANG_WARN_ENUM_CONVERSION = YES;
				CLANG_WARN_INFINITE_RECURSION = YES;
				CLANG_WARN_INT_CONVERSION = YES;
				CLANG_WARN_NON_LITERAL_NULL_CONVERSION = YES;
				CLANG_WARN_OBJC_IMPLICIT_RETAIN_SELF = YES;
				CLANG_WARN_OBJC_LITERAL_CONVERSION = YES;
				CLANG_WARN_OBJC_ROOT_CLASS = YES_ERROR;
				CLANG_WARN_QUOTED_INCLUDE_IN_FRAMEWORK_HEADER = YES;
				CLANG_WARN_RANGE_LOOP_ANALYSIS = YES;
				CLANG_WARN_STRICT_PROTOTYPES = YES;
				CLANG_WARN_SUSPICIOUS_MOVE = YES;
				CLANG_WARN_UNGUARDED_AVAILABILITY = YES_AGGRESSIVE;
				CLANG_WARN_UNREACHABLE_CODE = YES;
				CLANG_WARN__DUPLICATE_METHOD_MATCH = YES;
				COPY_PHASE_STRIP = NO;
				DEBUG_INFORMATION_FORMAT = "dwarf-with-dsym";
				ENABLE_NS_ASSERTIONS = NO;
				ENABLE_STRICT_OBJC_MSGSEND = YES;
				GCC_C_LANGUAGE_STANDARD = gnu11;
				GCC_NO_COMMON_BLOCKS = YES;
				GCC_WARN_64_TO_32_BIT_CONVERSION = YES;
				GCC_WARN_ABOUT_RETURN_TYPE = YES_ERROR;
				GCC_WARN_UNDECLARED_SELECTOR = YES;
				GCC_WARN_UNINITIALIZED_AUTOS = YES_AGGRESSIVE;
				GCC_WARN_UNUSED_FUNCTION = YES;
				GCC_WARN_UNUSED_VARIABLE = YES;
				IPHONEOS_DEPLOYMENT_TARGET = 10.0;
				MTL_ENABLE_DEBUG_INFO = NO;
				MTL_FAST_MATH = YES;
				SDKROOT = iphoneos;
				SWIFT_COMPILATION_MODE = wholemodule;
				SWIFT_OPTIMIZATION_LEVEL = "-O";
				VALIDATE_PRODUCT = YES;
			};
			name = Release;
		};
		6A204B9A256453B300833D05 /* Debug */ = {
			isa = XCBuildConfiguration;
			baseConfigurationReference = F3C379CE7373F60F9519779A /* Pods-Hello CDP.debug.xcconfig */;
			buildSettings = {
				ASSETCATALOG_COMPILER_APPICON_NAME = AppIcon;
				CODE_SIGN_STYLE = Automatic;
				DEVELOPMENT_TEAM = RNQ52E7G3P;
				INFOPLIST_FILE = "Hello CDP/Info.plist";
				IPHONEOS_DEPLOYMENT_TARGET = 12.0;
				LD_RUNPATH_SEARCH_PATHS = (
					"$(inherited)",
					"@executable_path/Frameworks",
				);
				MARKETING_VERSION = 1.0;
				PRODUCT_BUNDLE_IDENTIFIER = "com.salesforce.Hello-CDP";
				PRODUCT_NAME = "$(TARGET_NAME)";
				SWIFT_VERSION = 5.0;
				TARGETED_DEVICE_FAMILY = "1,2";
			};
			name = Debug;
		};
		6A204B9B256453B300833D05 /* Release */ = {
			isa = XCBuildConfiguration;
			baseConfigurationReference = A302D12224725E14A76641C1 /* Pods-Hello CDP.release.xcconfig */;
			buildSettings = {
				ASSETCATALOG_COMPILER_APPICON_NAME = AppIcon;
				CODE_SIGN_STYLE = Automatic;
				DEVELOPMENT_TEAM = RNQ52E7G3P;
				INFOPLIST_FILE = "Hello CDP/Info.plist";
				IPHONEOS_DEPLOYMENT_TARGET = 12.0;
				LD_RUNPATH_SEARCH_PATHS = (
					"$(inherited)",
					"@executable_path/Frameworks",
				);
				MARKETING_VERSION = 1.0;
				PRODUCT_BUNDLE_IDENTIFIER = "com.salesforce.Hello-CDP";
				PRODUCT_NAME = "$(TARGET_NAME)";
				SWIFT_VERSION = 5.0;
				TARGETED_DEVICE_FAMILY = "1,2";
			};
			name = Release;
		};
/* End XCBuildConfiguration section */

/* Begin XCConfigurationList section */
		6A204B80256453B200833D05 /* Build configuration list for PBXProject "Hello CDP" */ = {
			isa = XCConfigurationList;
			buildConfigurations = (
				6A204B97256453B300833D05 /* Debug */,
				6A204B98256453B300833D05 /* Release */,
			);
			defaultConfigurationIsVisible = 0;
			defaultConfigurationName = Release;
		};
		6A204B99256453B300833D05 /* Build configuration list for PBXNativeTarget "Hello CDP" */ = {
			isa = XCConfigurationList;
			buildConfigurations = (
				6A204B9A256453B300833D05 /* Debug */,
				6A204B9B256453B300833D05 /* Release */,
			);
			defaultConfigurationIsVisible = 0;
			defaultConfigurationName = Release;
		};
/* End XCConfigurationList section */
	};
	rootObject = 6A204B7D256453B200833D05 /* Project object */;
}
